PODS:
  - Chatto (4.0.0)
  - ChattoAdditions (4.0.0):
    - Chatto (= 4.0.0)

DEPENDENCIES:
  - Chatto (from `..`)
  - ChattoAdditions (from `..`)

EXTERNAL SOURCES:
  Chatto:
    :path: ".."
  ChattoAdditions:
    :path: ".."

SPEC CHECKSUMS:
  Chatto: aef1d09fed8d04a4e877d1a9f29270e3a3f591a4
  ChattoAdditions: 2ea28363d32f6271b69df3933e6d7d8e9aaacac3

PODFILE CHECKSUM: 7e673449d94d383ef7c7669fdd0f282d4d0e7059

COCOAPODS: 1.9.3
